// !$*UTF8*$!
{
	archiveVersion = 1;
	classes = {
	};
	objectVersion = 55;
	objects = {

/* Begin PBXBuildFile section */
		1D37310A28C7E15300DFB86E /* Colors.xcassets in Resources */ = {isa = PBXBuildFile; fileRef = 1D37310928C7E15300DFB86E /* Colors.xcassets */; };
		1D37310C28C7E16300DFB86E /* Images.xcassets in Resources */ = {isa = PBXBuildFile; fileRef = 1D37310B28C7E16300DFB86E /* Images.xcassets */; };
		1D37310F28C7E21100DFB86E /* SF-Pro-Text-Medium.otf in Resources */ = {isa = PBXBuildFile; fileRef = 1D37310E28C7E21100DFB86E /* SF-Pro-Text-Medium.otf */; };
		1D37311228C7E23A00DFB86E /* SF-Pro-Text-Regular.otf in Resources */ = {isa = PBXBuildFile; fileRef = 1D37311028C7E23A00DFB86E /* SF-Pro-Text-Regular.otf */; };
		1D37311328C7E23A00DFB86E /* SF-Pro-Text-Bold.otf in Resources */ = {isa = PBXBuildFile; fileRef = 1D37311128C7E23A00DFB86E /* SF-Pro-Text-Bold.otf */; };
		1D37311628C7E4B700DFB86E /* Extension+UIColor.swift in Sources */ = {isa = PBXBuildFile; fileRef = 1D37311528C7E4B700DFB86E /* Extension+UIColor.swift */; };
		1D37311828C7EC8000DFB86E /* Extension+Date.swift in Sources */ = {isa = PBXBuildFile; fileRef = 1D37311728C7EC8000DFB86E /* Extension+Date.swift */; };
		1D37311B28C86B6600DFB86E /* CustomRateView.swift in Sources */ = {isa = PBXBuildFile; fileRef = 1D37311A28C86B6600DFB86E /* CustomRateView.swift */; };
		1D37311D28C86B7000DFB86E /* CustomRateView.xib in Resources */ = {isa = PBXBuildFile; fileRef = 1D37311C28C86B7000DFB86E /* CustomRateView.xib */; };
		1D37311F28C86DE100DFB86E /* CustomImageView.swift in Sources */ = {isa = PBXBuildFile; fileRef = 1D37311E28C86DE100DFB86E /* CustomImageView.swift */; };
		1D77124728C7D65800707C4B /* MoviesTableViewAdapter.swift in Sources */ = {isa = PBXBuildFile; fileRef = 1D77124628C7D65800707C4B /* MoviesTableViewAdapter.swift */; };
		1D77124928C7D66700707C4B /* MoviesTableViewCell.swift in Sources */ = {isa = PBXBuildFile; fileRef = 1D77124828C7D66700707C4B /* MoviesTableViewCell.swift */; };
		1D77124B28C7D67200707C4B /* MoviesTableViewCell.xib in Resources */ = {isa = PBXBuildFile; fileRef = 1D77124A28C7D67200707C4B /* MoviesTableViewCell.xib */; };
		1D77124D28C7D6B900707C4B /* Extension+UITableViewCell.swift in Sources */ = {isa = PBXBuildFile; fileRef = 1D77124C28C7D6B900707C4B /* Extension+UITableViewCell.swift */; };
		1D77124F28C7D9BE00707C4B /* Extension+UIFont.swift in Sources */ = {isa = PBXBuildFile; fileRef = 1D77124E28C7D9BE00707C4B /* Extension+UIFont.swift */; };
		1DCC37C328C7705A00010530 /* AppDelegate.swift in Sources */ = {isa = PBXBuildFile; fileRef = 1DCC37C228C7705A00010530 /* AppDelegate.swift */; };
		1DCC37CF28C7705C00010530 /* LaunchScreen.storyboard in Resources */ = {isa = PBXBuildFile; fileRef = 1DCC37CD28C7705C00010530 /* LaunchScreen.storyboard */; };
		1DCC37E028C7A80F00010530 /* AppRouter.swift in Sources */ = {isa = PBXBuildFile; fileRef = 1DCC37DF28C7A80F00010530 /* AppRouter.swift */; };
		1DCC37E228C7A81600010530 /* AppContainer.swift in Sources */ = {isa = PBXBuildFile; fileRef = 1DCC37E128C7A81600010530 /* AppContainer.swift */; };
		1DCC37E428C7A8AA00010530 /* AppService.swift in Sources */ = {isa = PBXBuildFile; fileRef = 1DCC37E328C7A8AA00010530 /* AppService.swift */; };
		1DCC37E928C7A95500010530 /* MainScreenViewController.swift in Sources */ = {isa = PBXBuildFile; fileRef = 1DCC37E828C7A95500010530 /* MainScreenViewController.swift */; };
		1DCC37EB28C7A96000010530 /* MainScreenViewModel.swift in Sources */ = {isa = PBXBuildFile; fileRef = 1DCC37EA28C7A96000010530 /* MainScreenViewModel.swift */; };
		1DCC37ED28C7A96D00010530 /* MainScreenContracts.swift in Sources */ = {isa = PBXBuildFile; fileRef = 1DCC37EC28C7A96D00010530 /* MainScreenContracts.swift */; };
		1DCC37EF28C7A97600010530 /* MainScreenBuilder.swift in Sources */ = {isa = PBXBuildFile; fileRef = 1DCC37EE28C7A97600010530 /* MainScreenBuilder.swift */; };
		1DCC37F128C7A99000010530 /* MainScreenViewController.xib in Resources */ = {isa = PBXBuildFile; fileRef = 1DCC37F028C7A99000010530 /* MainScreenViewController.xib */; };
		1DCC37F428C7A9FD00010530 /* BaseScreenViewController.swift in Sources */ = {isa = PBXBuildFile; fileRef = 1DCC37F328C7A9FD00010530 /* BaseScreenViewController.swift */; };
		1DCC37F628C7AA6200010530 /* Extension+NSObject.swift in Sources */ = {isa = PBXBuildFile; fileRef = 1DCC37F528C7AA6200010530 /* Extension+NSObject.swift */; };
		1DCC37F828C7AAE200010530 /* DetailScreenViewController.swift in Sources */ = {isa = PBXBuildFile; fileRef = 1DCC37F728C7AAE200010530 /* DetailScreenViewController.swift */; };
		1DCC37FA28C7AAED00010530 /* DetailScreenViewModel.swift in Sources */ = {isa = PBXBuildFile; fileRef = 1DCC37F928C7AAED00010530 /* DetailScreenViewModel.swift */; };
		1DCC37FC28C7AAF600010530 /* DetailScreenBuilder.swift in Sources */ = {isa = PBXBuildFile; fileRef = 1DCC37FB28C7AAF600010530 /* DetailScreenBuilder.swift */; };
		1DCC37FE28C7AAFE00010530 /* DetailScreenContracts.swift in Sources */ = {isa = PBXBuildFile; fileRef = 1DCC37FD28C7AAFE00010530 /* DetailScreenContracts.swift */; };
		1DCC380028C7AB0800010530 /* DetailScreenViewController.xib in Resources */ = {isa = PBXBuildFile; fileRef = 1DCC37FF28C7AB0800010530 /* DetailScreenViewController.xib */; };
		1DDDE54628C8C20F00ED17D3 /* Extension+CAGradientLayer.swift in Sources */ = {isa = PBXBuildFile; fileRef = 1DDDE54528C8C20F00ED17D3 /* Extension+CAGradientLayer.swift */; };
/* End PBXBuildFile section */

/* Begin PBXFileReference section */
		1D37310928C7E15300DFB86E /* Colors.xcassets */ = {isa = PBXFileReference; lastKnownFileType = folder.assetcatalog; path = Colors.xcassets; sourceTree = "<group>"; };
		1D37310B28C7E16300DFB86E /* Images.xcassets */ = {isa = PBXFileReference; lastKnownFileType = folder.assetcatalog; path = Images.xcassets; sourceTree = "<group>"; };
		1D37310E28C7E21100DFB86E /* SF-Pro-Text-Medium.otf */ = {isa = PBXFileReference; lastKnownFileType = file; path = "SF-Pro-Text-Medium.otf"; sourceTree = "<group>"; };
		1D37311028C7E23A00DFB86E /* SF-Pro-Text-Regular.otf */ = {isa = PBXFileReference; lastKnownFileType = file; path = "SF-Pro-Text-Regular.otf"; sourceTree = "<group>"; };
		1D37311128C7E23A00DFB86E /* SF-Pro-Text-Bold.otf */ = {isa = PBXFileReference; lastKnownFileType = file; path = "SF-Pro-Text-Bold.otf"; sourceTree = "<group>"; };
		1D37311528C7E4B700DFB86E /* Extension+UIColor.swift */ = {isa = PBXFileReference; lastKnownFileType = sourcecode.swift; path = "Extension+UIColor.swift"; sourceTree = "<group>"; };
		1D37311728C7EC8000DFB86E /* Extension+Date.swift */ = {isa = PBXFileReference; lastKnownFileType = sourcecode.swift; path = "Extension+Date.swift"; sourceTree = "<group>"; };
		1D37311A28C86B6600DFB86E /* CustomRateView.swift */ = {isa = PBXFileReference; lastKnownFileType = sourcecode.swift; path = CustomRateView.swift; sourceTree = "<group>"; };
		1D37311C28C86B7000DFB86E /* CustomRateView.xib */ = {isa = PBXFileReference; lastKnownFileType = file.xib; path = CustomRateView.xib; sourceTree = "<group>"; };
		1D37311E28C86DE100DFB86E /* CustomImageView.swift */ = {isa = PBXFileReference; lastKnownFileType = sourcecode.swift; path = CustomImageView.swift; sourceTree = "<group>"; };
		1D77124628C7D65800707C4B /* MoviesTableViewAdapter.swift */ = {isa = PBXFileReference; lastKnownFileType = sourcecode.swift; path = MoviesTableViewAdapter.swift; sourceTree = "<group>"; };
		1D77124828C7D66700707C4B /* MoviesTableViewCell.swift */ = {isa = PBXFileReference; lastKnownFileType = sourcecode.swift; path = MoviesTableViewCell.swift; sourceTree = "<group>"; };
		1D77124A28C7D67200707C4B /* MoviesTableViewCell.xib */ = {isa = PBXFileReference; lastKnownFileType = file.xib; path = MoviesTableViewCell.xib; sourceTree = "<group>"; };
		1D77124C28C7D6B900707C4B /* Extension+UITableViewCell.swift */ = {isa = PBXFileReference; lastKnownFileType = sourcecode.swift; path = "Extension+UITableViewCell.swift"; sourceTree = "<group>"; };
		1D77124E28C7D9BE00707C4B /* Extension+UIFont.swift */ = {isa = PBXFileReference; lastKnownFileType = sourcecode.swift; path = "Extension+UIFont.swift"; sourceTree = "<group>"; };
		1DCC37BF28C7705A00010530 /* Movies.app */ = {isa = PBXFileReference; explicitFileType = wrapper.application; includeInIndex = 0; path = Movies.app; sourceTree = BUILT_PRODUCTS_DIR; };
		1DCC37C228C7705A00010530 /* AppDelegate.swift */ = {isa = PBXFileReference; lastKnownFileType = sourcecode.swift; path = AppDelegate.swift; sourceTree = "<group>"; };
		1DCC37CE28C7705C00010530 /* Base */ = {isa = PBXFileReference; lastKnownFileType = file.storyboard; name = Base; path = Base.lproj/LaunchScreen.storyboard; sourceTree = "<group>"; };
		1DCC37D028C7705C00010530 /* Info.plist */ = {isa = PBXFileReference; lastKnownFileType = text.plist.xml; path = Info.plist; sourceTree = "<group>"; };
		1DCC37DF28C7A80F00010530 /* AppRouter.swift */ = {isa = PBXFileReference; lastKnownFileType = sourcecode.swift; path = AppRouter.swift; sourceTree = "<group>"; };
		1DCC37E128C7A81600010530 /* AppContainer.swift */ = {isa = PBXFileReference; lastKnownFileType = sourcecode.swift; path = AppContainer.swift; sourceTree = "<group>"; };
		1DCC37E328C7A8AA00010530 /* AppService.swift */ = {isa = PBXFileReference; lastKnownFileType = sourcecode.swift; path = AppService.swift; sourceTree = "<group>"; };
		1DCC37E828C7A95500010530 /* MainScreenViewController.swift */ = {isa = PBXFileReference; lastKnownFileType = sourcecode.swift; path = MainScreenViewController.swift; sourceTree = "<group>"; };
		1DCC37EA28C7A96000010530 /* MainScreenViewModel.swift */ = {isa = PBXFileReference; lastKnownFileType = sourcecode.swift; path = MainScreenViewModel.swift; sourceTree = "<group>"; };
		1DCC37EC28C7A96D00010530 /* MainScreenContracts.swift */ = {isa = PBXFileReference; lastKnownFileType = sourcecode.swift; path = MainScreenContracts.swift; sourceTree = "<group>"; };
		1DCC37EE28C7A97600010530 /* MainScreenBuilder.swift */ = {isa = PBXFileReference; lastKnownFileType = sourcecode.swift; path = MainScreenBuilder.swift; sourceTree = "<group>"; };
		1DCC37F028C7A99000010530 /* MainScreenViewController.xib */ = {isa = PBXFileReference; lastKnownFileType = file.xib; path = MainScreenViewController.xib; sourceTree = "<group>"; };
		1DCC37F328C7A9FD00010530 /* BaseScreenViewController.swift */ = {isa = PBXFileReference; lastKnownFileType = sourcecode.swift; path = BaseScreenViewController.swift; sourceTree = "<group>"; };
		1DCC37F528C7AA6200010530 /* Extension+NSObject.swift */ = {isa = PBXFileReference; lastKnownFileType = sourcecode.swift; path = "Extension+NSObject.swift"; sourceTree = "<group>"; };
		1DCC37F728C7AAE200010530 /* DetailScreenViewController.swift */ = {isa = PBXFileReference; lastKnownFileType = sourcecode.swift; path = DetailScreenViewController.swift; sourceTree = "<group>"; };
		1DCC37F928C7AAED00010530 /* DetailScreenViewModel.swift */ = {isa = PBXFileReference; lastKnownFileType = sourcecode.swift; path = DetailScreenViewModel.swift; sourceTree = "<group>"; };
		1DCC37FB28C7AAF600010530 /* DetailScreenBuilder.swift */ = {isa = PBXFileReference; lastKnownFileType = sourcecode.swift; path = DetailScreenBuilder.swift; sourceTree = "<group>"; };
		1DCC37FD28C7AAFE00010530 /* DetailScreenContracts.swift */ = {isa = PBXFileReference; lastKnownFileType = sourcecode.swift; path = DetailScreenContracts.swift; sourceTree = "<group>"; };
		1DCC37FF28C7AB0800010530 /* DetailScreenViewController.xib */ = {isa = PBXFileReference; lastKnownFileType = file.xib; path = DetailScreenViewController.xib; sourceTree = "<group>"; };
		1DDDE54528C8C20F00ED17D3 /* Extension+CAGradientLayer.swift */ = {isa = PBXFileReference; lastKnownFileType = sourcecode.swift; path = "Extension+CAGradientLayer.swift"; sourceTree = "<group>"; };
/* End PBXFileReference section */

/* Begin PBXFrameworksBuildPhase section */
		1DCC37BC28C7705A00010530 /* Frameworks */ = {
			isa = PBXFrameworksBuildPhase;
			buildActionMask = 2147483647;
			files = (
			);
			runOnlyForDeploymentPostprocessing = 0;
		};
/* End PBXFrameworksBuildPhase section */

/* Begin PBXGroup section */
		1D37310D28C7E1AB00DFB86E /* Fonts */ = {
			isa = PBXGroup;
			children = (
				1D37310E28C7E21100DFB86E /* SF-Pro-Text-Medium.otf */,
				1D37311128C7E23A00DFB86E /* SF-Pro-Text-Bold.otf */,
				1D37311028C7E23A00DFB86E /* SF-Pro-Text-Regular.otf */,
			);
			path = Fonts;
			sourceTree = "<group>";
		};
		1D37311428C7E30400DFB86E /* Assets */ = {
			isa = PBXGroup;
			children = (
				1D37310B28C7E16300DFB86E /* Images.xcassets */,
				1D37310928C7E15300DFB86E /* Colors.xcassets */,
			);
			path = Assets;
			sourceTree = "<group>";
		};
		1D37311928C864F600DFB86E /* CustomRateView */ = {
			isa = PBXGroup;
			children = (
				1D37311A28C86B6600DFB86E /* CustomRateView.swift */,
				1D37311C28C86B7000DFB86E /* CustomRateView.xib */,
			);
			path = CustomRateView;
			sourceTree = "<group>";
		};
		1D77124428C7D22200707C4B /* CustomViews */ = {
			isa = PBXGroup;
			children = (
				1DDDE54728C8C2A200ED17D3 /* CustomImageView */,
				1D37311928C864F600DFB86E /* CustomRateView */,
				1D77124528C7D62D00707C4B /* MoviesTableView */,
			);
			path = CustomViews;
			sourceTree = "<group>";
		};
		1D77124528C7D62D00707C4B /* MoviesTableView */ = {
			isa = PBXGroup;
			children = (
				1D77124628C7D65800707C4B /* MoviesTableViewAdapter.swift */,
				1D77124828C7D66700707C4B /* MoviesTableViewCell.swift */,
				1D77124A28C7D67200707C4B /* MoviesTableViewCell.xib */,
			);
			path = MoviesTableView;
			sourceTree = "<group>";
		};
		1DCC37B628C7705A00010530 = {
			isa = PBXGroup;
			children = (
				1DCC37C128C7705A00010530 /* Movies */,
				1DCC37C028C7705A00010530 /* Products */,
			);
			sourceTree = "<group>";
		};
		1DCC37C028C7705A00010530 /* Products */ = {
			isa = PBXGroup;
			children = (
				1DCC37BF28C7705A00010530 /* Movies.app */,
			);
			name = Products;
			sourceTree = "<group>";
		};
		1DCC37C128C7705A00010530 /* Movies */ = {
			isa = PBXGroup;
			children = (
				1DCC37DC28C7A76D00010530 /* App */,
				1DCC37E528C7A8C400010530 /* Network */,
				1DCC37DB28C7A76C00010530 /* Screens */,
				1D77124428C7D22200707C4B /* CustomViews */,
				1DCC37D828C7A76900010530 /* Utils */,
				1DCC37DA28C7A76B00010530 /* Resources */,
				1DCC37D928C7A76A00010530 /* Supporting Files */,
				1DCC37D728C7A76800010530 /* New Group1 */,
				1DCC37D628C7A76700010530 /* New Group */,
			);
			path = Movies;
			sourceTree = "<group>";
		};
		1DCC37D628C7A76700010530 /* New Group */ = {
			isa = PBXGroup;
			children = (
			);
			path = "New Group";
			sourceTree = "<group>";
		};
		1DCC37D728C7A76800010530 /* New Group1 */ = {
			isa = PBXGroup;
			children = (
			);
			path = "New Group1";
			sourceTree = "<group>";
		};
		1DCC37D828C7A76900010530 /* Utils */ = {
			isa = PBXGroup;
			children = (
				1DCC37F528C7AA6200010530 /* Extension+NSObject.swift */,
				1D37311728C7EC8000DFB86E /* Extension+Date.swift */,
				1D77124C28C7D6B900707C4B /* Extension+UITableViewCell.swift */,
				1D77124E28C7D9BE00707C4B /* Extension+UIFont.swift */,
				1D37311528C7E4B700DFB86E /* Extension+UIColor.swift */,
				1DDDE54528C8C20F00ED17D3 /* Extension+CAGradientLayer.swift */,
			);
			path = Utils;
			sourceTree = "<group>";
		};
		1DCC37D928C7A76A00010530 /* Supporting Files */ = {
			isa = PBXGroup;
			children = (
				1DCC37CD28C7705C00010530 /* LaunchScreen.storyboard */,
				1DCC37D028C7705C00010530 /* Info.plist */,
			);
			path = "Supporting Files";
			sourceTree = "<group>";
		};
		1DCC37DA28C7A76B00010530 /* Resources */ = {
			isa = PBXGroup;
			children = (
				1D37311428C7E30400DFB86E /* Assets */,
				1D37310D28C7E1AB00DFB86E /* Fonts */,
			);
			path = Resources;
			sourceTree = "<group>";
		};
		1DCC37DB28C7A76C00010530 /* Screens */ = {
			isa = PBXGroup;
			children = (
				1DCC37F228C7A9D300010530 /* BaseScreen */,
				1DCC37E728C7A90500010530 /* MainScreen */,
				1DCC37E628C7A90300010530 /* DetailScreen */,
			);
			path = Screens;
			sourceTree = "<group>";
		};
		1DCC37DC28C7A76D00010530 /* App */ = {
			isa = PBXGroup;
			children = (
				1DCC37C228C7705A00010530 /* AppDelegate.swift */,
				1DCC37E128C7A81600010530 /* AppContainer.swift */,
				1DCC37DF28C7A80F00010530 /* AppRouter.swift */,
			);
			path = App;
			sourceTree = "<group>";
		};
		1DCC37E528C7A8C400010530 /* Network */ = {
			isa = PBXGroup;
			children = (
				1DCC37E328C7A8AA00010530 /* AppService.swift */,
			);
			path = Network;
			sourceTree = "<group>";
		};
		1DCC37E628C7A90300010530 /* DetailScreen */ = {
			isa = PBXGroup;
			children = (
				1DCC37F728C7AAE200010530 /* DetailScreenViewController.swift */,
				1DCC37F928C7AAED00010530 /* DetailScreenViewModel.swift */,
				1DCC37FD28C7AAFE00010530 /* DetailScreenContracts.swift */,
				1DCC37FB28C7AAF600010530 /* DetailScreenBuilder.swift */,
				1DCC37FF28C7AB0800010530 /* DetailScreenViewController.xib */,
			);
			path = DetailScreen;
			sourceTree = "<group>";
		};
		1DCC37E728C7A90500010530 /* MainScreen */ = {
			isa = PBXGroup;
			children = (
				1DCC37E828C7A95500010530 /* MainScreenViewController.swift */,
				1DCC37EA28C7A96000010530 /* MainScreenViewModel.swift */,
				1DCC37EE28C7A97600010530 /* MainScreenBuilder.swift */,
				1DCC37EC28C7A96D00010530 /* MainScreenContracts.swift */,
				1DCC37F028C7A99000010530 /* MainScreenViewController.xib */,
			);
			path = MainScreen;
			sourceTree = "<group>";
		};
		1DCC37F228C7A9D300010530 /* BaseScreen */ = {
			isa = PBXGroup;
			children = (
				1DCC37F328C7A9FD00010530 /* BaseScreenViewController.swift */,
			);
			path = BaseScreen;
			sourceTree = "<group>";
		};
		1DDDE54728C8C2A200ED17D3 /* CustomImageView */ = {
			isa = PBXGroup;
			children = (
				1D37311E28C86DE100DFB86E /* CustomImageView.swift */,
			);
			path = CustomImageView;
			sourceTree = "<group>";
		};
/* End PBXGroup section */

/* Begin PBXNativeTarget section */
		1DCC37BE28C7705A00010530 /* Movies */ = {
			isa = PBXNativeTarget;
			buildConfigurationList = 1DCC37D328C7705C00010530 /* Build configuration list for PBXNativeTarget "Movies" */;
			buildPhases = (
				1DCC37BB28C7705A00010530 /* Sources */,
				1DCC37BC28C7705A00010530 /* Frameworks */,
				1DCC37BD28C7705A00010530 /* Resources */,
			);
			buildRules = (
			);
			dependencies = (
			);
			name = Movies;
			productName = Movies;
			productReference = 1DCC37BF28C7705A00010530 /* Movies.app */;
			productType = "com.apple.product-type.application";
		};
/* End PBXNativeTarget section */

/* Begin PBXProject section */
		1DCC37B728C7705A00010530 /* Project object */ = {
			isa = PBXProject;
			attributes = {
				BuildIndependentTargetsInParallel = 1;
				LastSwiftUpdateCheck = 1340;
				LastUpgradeCheck = 1340;
				TargetAttributes = {
					1DCC37BE28C7705A00010530 = {
						CreatedOnToolsVersion = 13.4.1;
					};
				};
			};
			buildConfigurationList = 1DCC37BA28C7705A00010530 /* Build configuration list for PBXProject "Movies" */;
			compatibilityVersion = "Xcode 13.0";
			developmentRegion = en;
			hasScannedForEncodings = 0;
			knownRegions = (
				en,
				Base,
			);
			mainGroup = 1DCC37B628C7705A00010530;
			productRefGroup = 1DCC37C028C7705A00010530 /* Products */;
			projectDirPath = "";
			projectRoot = "";
			targets = (
				1DCC37BE28C7705A00010530 /* Movies */,
			);
		};
/* End PBXProject section */

/* Begin PBXResourcesBuildPhase section */
		1DCC37BD28C7705A00010530 /* Resources */ = {
			isa = PBXResourcesBuildPhase;
			buildActionMask = 2147483647;
			files = (
				1DCC37CF28C7705C00010530 /* LaunchScreen.storyboard in Resources */,
				1D37311D28C86B7000DFB86E /* CustomRateView.xib in Resources */,
				1D77124B28C7D67200707C4B /* MoviesTableViewCell.xib in Resources */,
				1D37310C28C7E16300DFB86E /* Images.xcassets in Resources */,
				1DCC380028C7AB0800010530 /* DetailScreenViewController.xib in Resources */,
				1D37310F28C7E21100DFB86E /* SF-Pro-Text-Medium.otf in Resources */,
				1D37310A28C7E15300DFB86E /* Colors.xcassets in Resources */,
				1D37311328C7E23A00DFB86E /* SF-Pro-Text-Bold.otf in Resources */,
				1D37311228C7E23A00DFB86E /* SF-Pro-Text-Regular.otf in Resources */,
				1DCC37F128C7A99000010530 /* MainScreenViewController.xib in Resources */,
			);
			runOnlyForDeploymentPostprocessing = 0;
		};
/* End PBXResourcesBuildPhase section */

/* Begin PBXSourcesBuildPhase section */
		1DCC37BB28C7705A00010530 /* Sources */ = {
			isa = PBXSourcesBuildPhase;
			buildActionMask = 2147483647;
			files = (
				1D37311828C7EC8000DFB86E /* Extension+Date.swift in Sources */,
				1DCC37E928C7A95500010530 /* MainScreenViewController.swift in Sources */,
				1DCC37F628C7AA6200010530 /* Extension+NSObject.swift in Sources */,
				1DCC37E028C7A80F00010530 /* AppRouter.swift in Sources */,
				1D37311F28C86DE100DFB86E /* CustomImageView.swift in Sources */,
				1DDDE54628C8C20F00ED17D3 /* Extension+CAGradientLayer.swift in Sources */,
				1D77124728C7D65800707C4B /* MoviesTableViewAdapter.swift in Sources */,
				1D77124F28C7D9BE00707C4B /* Extension+UIFont.swift in Sources */,
				1DCC37E428C7A8AA00010530 /* AppService.swift in Sources */,
				1D77124D28C7D6B900707C4B /* Extension+UITableViewCell.swift in Sources */,
				1DCC37FE28C7AAFE00010530 /* DetailScreenContracts.swift in Sources */,
				1D37311B28C86B6600DFB86E /* CustomRateView.swift in Sources */,
				1DCC37C328C7705A00010530 /* AppDelegate.swift in Sources */,
				1DCC37FA28C7AAED00010530 /* DetailScreenViewModel.swift in Sources */,
				1DCC37F428C7A9FD00010530 /* BaseScreenViewController.swift in Sources */,
				1DCC37F828C7AAE200010530 /* DetailScreenViewController.swift in Sources */,
				1D37311628C7E4B700DFB86E /* Extension+UIColor.swift in Sources */,
				1D77124928C7D66700707C4B /* MoviesTableViewCell.swift in Sources */,
				1DCC37FC28C7AAF600010530 /* DetailScreenBuilder.swift in Sources */,
				1DCC37ED28C7A96D00010530 /* MainScreenContracts.swift in Sources */,
				1DCC37E228C7A81600010530 /* AppContainer.swift in Sources */,
				1DCC37EF28C7A97600010530 /* MainScreenBuilder.swift in Sources */,
				1DCC37EB28C7A96000010530 /* MainScreenViewModel.swift in Sources */,
			);
			runOnlyForDeploymentPostprocessing = 0;
		};
/* End PBXSourcesBuildPhase section */

/* Begin PBXVariantGroup section */
		1DCC37CD28C7705C00010530 /* LaunchScreen.storyboard */ = {
			isa = PBXVariantGroup;
			children = (
				1DCC37CE28C7705C00010530 /* Base */,
			);
			name = LaunchScreen.storyboard;
			sourceTree = "<group>";
		};
/* End PBXVariantGroup section */

/* Begin XCBuildConfiguration section */
		1DCC37D128C7705C00010530 /* Debug */ = {
			isa = XCBuildConfiguration;
			buildSettings = {
				ALWAYS_SEARCH_USER_PATHS = NO;
				CLANG_ANALYZER_NONNULL = YES;
				CLANG_ANALYZER_NUMBER_OBJECT_CONVERSION = YES_AGGRESSIVE;
				CLANG_CXX_LANGUAGE_STANDARD = "gnu++17";
				CLANG_ENABLE_MODULES = YES;
				CLANG_ENABLE_OBJC_ARC = YES;
				CLANG_ENABLE_OBJC_WEAK = YES;
				CLANG_WARN_BLOCK_CAPTURE_AUTORELEASING = YES;
				CLANG_WARN_BOOL_CONVERSION = YES;
				CLANG_WARN_COMMA = YES;
				CLANG_WARN_CONSTANT_CONVERSION = YES;
				CLANG_WARN_DEPRECATED_OBJC_IMPLEMENTATIONS = YES;
				CLANG_WARN_DIRECT_OBJC_ISA_USAGE = YES_ERROR;
				CLANG_WARN_DOCUMENTATION_COMMENTS = YES;
				CLANG_WARN_EMPTY_BODY = YES;
				CLANG_WARN_ENUM_CONVERSION = YES;
				CLANG_WARN_INFINITE_RECURSION = YES;
				CLANG_WARN_INT_CONVERSION = YES;
				CLANG_WARN_NON_LITERAL_NULL_CONVERSION = YES;
				CLANG_WARN_OBJC_IMPLICIT_RETAIN_SELF = YES;
				CLANG_WARN_OBJC_LITERAL_CONVERSION = YES;
				CLANG_WARN_OBJC_ROOT_CLASS = YES_ERROR;
				CLANG_WARN_QUOTED_INCLUDE_IN_FRAMEWORK_HEADER = YES;
				CLANG_WARN_RANGE_LOOP_ANALYSIS = YES;
				CLANG_WARN_STRICT_PROTOTYPES = YES;
				CLANG_WARN_SUSPICIOUS_MOVE = YES;
				CLANG_WARN_UNGUARDED_AVAILABILITY = YES_AGGRESSIVE;
				CLANG_WARN_UNREACHABLE_CODE = YES;
				CLANG_WARN__DUPLICATE_METHOD_MATCH = YES;
				COPY_PHASE_STRIP = NO;
				DEBUG_INFORMATION_FORMAT = dwarf;
				ENABLE_STRICT_OBJC_MSGSEND = YES;
				ENABLE_TESTABILITY = YES;
				GCC_C_LANGUAGE_STANDARD = gnu11;
				GCC_DYNAMIC_NO_PIC = NO;
				GCC_NO_COMMON_BLOCKS = YES;
				GCC_OPTIMIZATION_LEVEL = 0;
				GCC_PREPROCESSOR_DEFINITIONS = (
					"DEBUG=1",
					"$(inherited)",
				);
				GCC_WARN_64_TO_32_BIT_CONVERSION = YES;
				GCC_WARN_ABOUT_RETURN_TYPE = YES_ERROR;
				GCC_WARN_UNDECLARED_SELECTOR = YES;
				GCC_WARN_UNINITIALIZED_AUTOS = YES_AGGRESSIVE;
				GCC_WARN_UNUSED_FUNCTION = YES;
				GCC_WARN_UNUSED_VARIABLE = YES;
				IPHONEOS_DEPLOYMENT_TARGET = 15.5;
				MTL_ENABLE_DEBUG_INFO = INCLUDE_SOURCE;
				MTL_FAST_MATH = YES;
				ONLY_ACTIVE_ARCH = YES;
				SDKROOT = iphoneos;
				SWIFT_ACTIVE_COMPILATION_CONDITIONS = DEBUG;
				SWIFT_OPTIMIZATION_LEVEL = "-Onone";
			};
			name = Debug;
		};
		1DCC37D228C7705C00010530 /* Release */ = {
			isa = XCBuildConfiguration;
			buildSettings = {
				ALWAYS_SEARCH_USER_PATHS = NO;
				CLANG_ANALYZER_NONNULL = YES;
				CLANG_ANALYZER_NUMBER_OBJECT_CONVERSION = YES_AGGRESSIVE;
				CLANG_CXX_LANGUAGE_STANDARD = "gnu++17";
				CLANG_ENABLE_MODULES = YES;
				CLANG_ENABLE_OBJC_ARC = YES;
				CLANG_ENABLE_OBJC_WEAK = YES;
				CLANG_WARN_BLOCK_CAPTURE_AUTORELEASING = YES;
				CLANG_WARN_BOOL_CONVERSION = YES;
				CLANG_WARN_COMMA = YES;
				CLANG_WARN_CONSTANT_CONVERSION = YES;
				CLANG_WARN_DEPRECATED_OBJC_IMPLEMENTATIONS = YES;
				CLANG_WARN_DIRECT_OBJC_ISA_USAGE = YES_ERROR;
				CLANG_WARN_DOCUMENTATION_COMMENTS = YES;
				CLANG_WARN_EMPTY_BODY = YES;
				CLANG_WARN_ENUM_CONVERSION = YES;
				CLANG_WARN_INFINITE_RECURSION = YES;
				CLANG_WARN_INT_CONVERSION = YES;
				CLANG_WARN_NON_LITERAL_NULL_CONVERSION = YES;
				CLANG_WARN_OBJC_IMPLICIT_RETAIN_SELF = YES;
				CLANG_WARN_OBJC_LITERAL_CONVERSION = YES;
				CLANG_WARN_OBJC_ROOT_CLASS = YES_ERROR;
				CLANG_WARN_QUOTED_INCLUDE_IN_FRAMEWORK_HEADER = YES;
				CLANG_WARN_RANGE_LOOP_ANALYSIS = YES;
				CLANG_WARN_STRICT_PROTOTYPES = YES;
				CLANG_WARN_SUSPICIOUS_MOVE = YES;
				CLANG_WARN_UNGUARDED_AVAILABILITY = YES_AGGRESSIVE;
				CLANG_WARN_UNREACHABLE_CODE = YES;
				CLANG_WARN__DUPLICATE_METHOD_MATCH = YES;
				COPY_PHASE_STRIP = NO;
				DEBUG_INFORMATION_FORMAT = "dwarf-with-dsym";
				ENABLE_NS_ASSERTIONS = NO;
				ENABLE_STRICT_OBJC_MSGSEND = YES;
				GCC_C_LANGUAGE_STANDARD = gnu11;
				GCC_NO_COMMON_BLOCKS = YES;
				GCC_WARN_64_TO_32_BIT_CONVERSION = YES;
				GCC_WARN_ABOUT_RETURN_TYPE = YES_ERROR;
				GCC_WARN_UNDECLARED_SELECTOR = YES;
				GCC_WARN_UNINITIALIZED_AUTOS = YES_AGGRESSIVE;
				GCC_WARN_UNUSED_FUNCTION = YES;
				GCC_WARN_UNUSED_VARIABLE = YES;
				IPHONEOS_DEPLOYMENT_TARGET = 15.5;
				MTL_ENABLE_DEBUG_INFO = NO;
				MTL_FAST_MATH = YES;
				SDKROOT = iphoneos;
				SWIFT_COMPILATION_MODE = wholemodule;
				SWIFT_OPTIMIZATION_LEVEL = "-O";
				VALIDATE_PRODUCT = YES;
			};
			name = Release;
		};
		1DCC37D428C7705C00010530 /* Debug */ = {
			isa = XCBuildConfiguration;
			buildSettings = {
				ASSETCATALOG_COMPILER_APPICON_NAME = AppIcon;
				ASSETCATALOG_COMPILER_GLOBAL_ACCENT_COLOR_NAME = AccentColor;
				CODE_SIGN_STYLE = Automatic;
				CURRENT_PROJECT_VERSION = 1;
				DEVELOPMENT_TEAM = MM2C8HD34J;
				GENERATE_INFOPLIST_FILE = YES;
				INFOPLIST_FILE = "Movies/Supporting Files/Info.plist";
				INFOPLIST_KEY_UIApplicationSupportsIndirectInputEvents = YES;
				INFOPLIST_KEY_UILaunchStoryboardName = LaunchScreen;
				INFOPLIST_KEY_UISupportedInterfaceOrientations_iPad = "UIInterfaceOrientationPortrait UIInterfaceOrientationPortraitUpsideDown UIInterfaceOrientationLandscapeLeft UIInterfaceOrientationLandscapeRight";
				INFOPLIST_KEY_UISupportedInterfaceOrientations_iPhone = "UIInterfaceOrientationPortrait UIInterfaceOrientationLandscapeLeft UIInterfaceOrientationLandscapeRight";
				LD_RUNPATH_SEARCH_PATHS = (
					"$(inherited)",
					"@executable_path/Frameworks",
				);
				MARKETING_VERSION = 1.0;
				PRODUCT_BUNDLE_IDENTIFIER = mdt.Movies;
				PRODUCT_NAME = "$(TARGET_NAME)";
				SWIFT_EMIT_LOC_STRINGS = YES;
				SWIFT_VERSION = 5.0;
				TARGETED_DEVICE_FAMILY = "1,2";
			};
			name = Debug;
		};
		1DCC37D528C7705C00010530 /* Release */ = {
			isa = XCBuildConfiguration;
			buildSettings = {
				ASSETCATALOG_COMPILER_APPICON_NAME = AppIcon;
				ASSETCATALOG_COMPILER_GLOBAL_ACCENT_COLOR_NAME = AccentColor;
				CODE_SIGN_STYLE = Automatic;
				CURRENT_PROJECT_VERSION = 1;
				DEVELOPMENT_TEAM = MM2C8HD34J;
				GENERATE_INFOPLIST_FILE = YES;
				INFOPLIST_FILE = "Movies/Supporting Files/Info.plist";
				INFOPLIST_KEY_UIApplicationSupportsIndirectInputEvents = YES;
				INFOPLIST_KEY_UILaunchStoryboardName = LaunchScreen;
				INFOPLIST_KEY_UISupportedInterfaceOrientations_iPad = "UIInterfaceOrientationPortrait UIInterfaceOrientationPortraitUpsideDown UIInterfaceOrientationLandscapeLeft UIInterfaceOrientationLandscapeRight";
				INFOPLIST_KEY_UISupportedInterfaceOrientations_iPhone = "UIInterfaceOrientationPortrait UIInterfaceOrientationLandscapeLeft UIInterfaceOrientationLandscapeRight";
				LD_RUNPATH_SEARCH_PATHS = (
					"$(inherited)",
					"@executable_path/Frameworks",
				);
				MARKETING_VERSION = 1.0;
				PRODUCT_BUNDLE_IDENTIFIER = mdt.Movies;
				PRODUCT_NAME = "$(TARGET_NAME)";
				SWIFT_EMIT_LOC_STRINGS = YES;
				SWIFT_VERSION = 5.0;
				TARGETED_DEVICE_FAMILY = "1,2";
			};
			name = Release;
		};
/* End XCBuildConfiguration section */

/* Begin XCConfigurationList section */
		1DCC37BA28C7705A00010530 /* Build configuration list for PBXProject "Movies" */ = {
			isa = XCConfigurationList;
			buildConfigurations = (
				1DCC37D128C7705C00010530 /* Debug */,
				1DCC37D228C7705C00010530 /* Release */,
			);
			defaultConfigurationIsVisible = 0;
			defaultConfigurationName = Release;
		};
		1DCC37D328C7705C00010530 /* Build configuration list for PBXNativeTarget "Movies" */ = {
			isa = XCConfigurationList;
			buildConfigurations = (
				1DCC37D428C7705C00010530 /* Debug */,
				1DCC37D528C7705C00010530 /* Release */,
			);
			defaultConfigurationIsVisible = 0;
			defaultConfigurationName = Release;
		};
/* End XCConfigurationList section */
	};
	rootObject = 1DCC37B728C7705A00010530 /* Project object */;
}
